
Microsoft Visual Studio Solution File, Format Version 12.00
# Visual Studio 15
Project("{FAE04EC0-301F-11D3-BF4B-00C04F79EFBC}") = "Assembly-CSharp-Editor", "Assembly-CSharp-Editor.csproj", "{9BE23495-0F50-9AF9-3F11-C273B94AA612}"
EndProject
Project("{FAE04EC0-301F-11D3-BF4B-00C04F79EFBC}") = "Assembly-CSharp", "Assembly-CSharp.csproj", "{F82B1DA4-BE93-7937-5F5C-100D6CF9E7C6}"
EndProject
Global
	GlobalSection(SolutionConfigurationPlatforms) = preSolution
		Debug|Any CPU = Debug|Any CPU
		Release|Any CPU = Release|Any CPU
	EndGlobalSection
	GlobalSection(ProjectConfigurationPlatforms) = postSolution
		{9BE23495-0F50-9AF9-3F11-C273B94AA612}.Debug|Any CPU.ActiveCfg = Debug|Any CPU
		{9BE23495-0F50-9AF9-3F11-C273B94AA612}.Debug|Any CPU.Build.0 = Debug|Any CPU
		{9BE23495-0F50-9AF9-3F11-C273B94AA612}.Release|Any CPU.ActiveCfg = Release|Any CPU
		{9BE23495-0F50-9AF9-3F11-C273B94AA612}.Release|Any CPU.Build.0 = Release|Any CPU
		{F82B1DA4-BE93-7937-5F5C-100D6CF9E7C6}.Debug|Any CPU.ActiveCfg = Debug|Any CPU
		{F82B1DA4-BE93-7937-5F5C-100D6CF9E7C6}.Debug|Any CPU.Build.0 = Debug|Any CPU
		{F82B1DA4-BE93-7937-5F5C-100D6CF9E7C6}.Release|Any CPU.ActiveCfg = Release|Any CPU
		{F82B1DA4-BE93-7937-5F5C-100D6CF9E7C6}.Release|Any CPU.Build.0 = Release|Any CPU
	EndGlobalSection
	GlobalSection(SolutionProperties) = preSolution
		HideSolutionNode = FALSE
	EndGlobalSection
EndGlobal
